
Microsoft Visual Studio Solution File, Format Version 12.00
# Visual Studio Version 17
VisualStudioVersion = 17.14.36414.22 d17.14
MinimumVisualStudioVersion = 10.0.40219.1
Project("{F184B08F-C81C-45F6-A57F-5ABD9991F28F}") = "Simple Text Editor_T9-4", "Simple Text Editor_T9-4.vbproj", "{19871DBB-245A-4691-B936-7836FE9E7C66}"
EndProject
Global
	GlobalSection(SolutionConfigurationPlatforms) = preSolution
		Debug|Any CPU = Debug|Any CPU
		Release|Any CPU = Release|Any CPU
	EndGlobalSection
	GlobalSection(ProjectConfigurationPlatforms) = postSolution
		{19871DBB-245A-4691-B936-7836FE9E7C66}.Debug|Any CPU.ActiveCfg = Debug|Any CPU
		{19871DBB-245A-4691-B936-7836FE9E7C66}.Debug|Any CPU.Build.0 = Debug|Any CPU
		{19871DBB-245A-4691-B936-7836FE9E7C66}.Release|Any CPU.ActiveCfg = Release|Any CPU
		{19871DBB-245A-4691-B936-7836FE9E7C66}.Release|Any CPU.Build.0 = Release|Any CPU
	EndGlobalSection
	GlobalSection(SolutionProperties) = preSolution
		HideSolutionNode = FALSE
	EndGlobalSection
	GlobalSection(ExtensibilityGlobals) = postSolution
		SolutionGuid = {D51E5E19-29B8-49F7-908E-6A42949354B3}
	EndGlobalSection
EndGlobal
