
Microsoft Visual Studio Solution File, Format Version 12.00
# Visual Studio Version 17
VisualStudioVersion = 17.14.36301.6 d17.14
MinimumVisualStudioVersion = 10.0.40219.1
Project("{F184B08F-C81C-45F6-A57F-5ABD9991F28F}") = "Membership Fee Calculator", "Membership Fee Calculator.vbproj", "{BC2CB9F8-235C-434F-9F6F-27FB9ED9DBC7}"
EndProject
Global
	GlobalSection(SolutionConfigurationPlatforms) = preSolution
		Debug|Any CPU = Debug|Any CPU
		Release|Any CPU = Release|Any CPU
	EndGlobalSection
	GlobalSection(ProjectConfigurationPlatforms) = postSolution
		{BC2CB9F8-235C-434F-9F6F-27FB9ED9DBC7}.Debug|Any CPU.ActiveCfg = Debug|Any CPU
		{BC2CB9F8-235C-434F-9F6F-27FB9ED9DBC7}.Debug|Any CPU.Build.0 = Debug|Any CPU
		{BC2CB9F8-235C-434F-9F6F-27FB9ED9DBC7}.Release|Any CPU.ActiveCfg = Release|Any CPU
		{BC2CB9F8-235C-434F-9F6F-27FB9ED9DBC7}.Release|Any CPU.Build.0 = Release|Any CPU
	EndGlobalSection
	GlobalSection(SolutionProperties) = preSolution
		HideSolutionNode = FALSE
	EndGlobalSection
	GlobalSection(ExtensibilityGlobals) = postSolution
		SolutionGuid = {D796A885-EBBA-47DD-ADB5-C10D2FF6EE5E}
	EndGlobalSection
EndGlobal
