
Microsoft Visual Studio Solution File, Format Version 12.00
# Visual Studio Version 17
VisualStudioVersion = 17.14.36301.6 d17.14
MinimumVisualStudioVersion = 10.0.40219.1
Project("{F184B08F-C81C-45F6-A57F-5ABD9991F28F}") = "tipcalculator_T3-4", "tipcalculator_T3-4.vbproj", "{01566877-09FD-454D-9EE2-1172E35C8F3C}"
EndProject
Global
	GlobalSection(SolutionConfigurationPlatforms) = preSolution
		Debug|Any CPU = Debug|Any CPU
		Release|Any CPU = Release|Any CPU
	EndGlobalSection
	GlobalSection(ProjectConfigurationPlatforms) = postSolution
		{01566877-09FD-454D-9EE2-1172E35C8F3C}.Debug|Any CPU.ActiveCfg = Debug|Any CPU
		{01566877-09FD-454D-9EE2-1172E35C8F3C}.Debug|Any CPU.Build.0 = Debug|Any CPU
		{01566877-09FD-454D-9EE2-1172E35C8F3C}.Release|Any CPU.ActiveCfg = Release|Any CPU
		{01566877-09FD-454D-9EE2-1172E35C8F3C}.Release|Any CPU.Build.0 = Release|Any CPU
	EndGlobalSection
	GlobalSection(SolutionProperties) = preSolution
		HideSolutionNode = FALSE
	EndGlobalSection
	GlobalSection(ExtensibilityGlobals) = postSolution
		SolutionGuid = {17B67BD3-545A-4A02-A855-FF919E83E6CC}
	EndGlobalSection
EndGlobal
