
Microsoft Visual Studio Solution File, Format Version 12.00
# Visual Studio Version 17
VisualStudioVersion = 17.14.36301.6 d17.14
MinimumVisualStudioVersion = 10.0.40219.1
Project("{F184B08F-C81C-45F6-A57F-5ABD9991F28F}") = "TemperatureCheck_L1", "TemperatureCheck_L1.vbproj", "{A9EAC5EB-DA3E-4321-9267-600BF92933AD}"
EndProject
Global
	GlobalSection(SolutionConfigurationPlatforms) = preSolution
		Debug|Any CPU = Debug|Any CPU
		Release|Any CPU = Release|Any CPU
	EndGlobalSection
	GlobalSection(ProjectConfigurationPlatforms) = postSolution
		{A9EAC5EB-DA3E-4321-9267-600BF92933AD}.Debug|Any CPU.ActiveCfg = Debug|Any CPU
		{A9EAC5EB-DA3E-4321-9267-600BF92933AD}.Debug|Any CPU.Build.0 = Debug|Any CPU
		{A9EAC5EB-DA3E-4321-9267-600BF92933AD}.Release|Any CPU.ActiveCfg = Release|Any CPU
		{A9EAC5EB-DA3E-4321-9267-600BF92933AD}.Release|Any CPU.Build.0 = Release|Any CPU
	EndGlobalSection
	GlobalSection(SolutionProperties) = preSolution
		HideSolutionNode = FALSE
	EndGlobalSection
	GlobalSection(ExtensibilityGlobals) = postSolution
		SolutionGuid = {DF578A85-35A6-4DFC-A037-F4CC91BA9909}
	EndGlobalSection
EndGlobal
