
Microsoft Visual Studio Solution File, Format Version 12.00
# Visual Studio Version 17
VisualStudioVersion = 17.14.36301.6 d17.14
MinimumVisualStudioVersion = 10.0.40219.1
Project("{F184B08F-C81C-45F6-A57F-5ABD9991F28F}") = "Chap2E1", "Chap2E1.vbproj", "{6461EBEF-E4C1-4C81-9C76-B0036C9BDC46}"
EndProject
Global
	GlobalSection(SolutionConfigurationPlatforms) = preSolution
		Debug|Any CPU = Debug|Any CPU
		Release|Any CPU = Release|Any CPU
	EndGlobalSection
	GlobalSection(ProjectConfigurationPlatforms) = postSolution
		{6461EBEF-E4C1-4C81-9C76-B0036C9BDC46}.Debug|Any CPU.ActiveCfg = Debug|Any CPU
		{6461EBEF-E4C1-4C81-9C76-B0036C9BDC46}.Debug|Any CPU.Build.0 = Debug|Any CPU
		{6461EBEF-E4C1-4C81-9C76-B0036C9BDC46}.Release|Any CPU.ActiveCfg = Release|Any CPU
		{6461EBEF-E4C1-4C81-9C76-B0036C9BDC46}.Release|Any CPU.Build.0 = Release|Any CPU
	EndGlobalSection
	GlobalSection(SolutionProperties) = preSolution
		HideSolutionNode = FALSE
	EndGlobalSection
	GlobalSection(ExtensibilityGlobals) = postSolution
		SolutionGuid = {8138B7B4-52E8-421F-BF68-B3840F847020}
	EndGlobalSection
EndGlobal
